
Microsoft Visual Studio Solution File, Format Version 12.00
# Visual Studio Version 17
VisualStudioVersion = 17.3.32929.385
MinimumVisualStudioVersion = 10.0.40219.1
Project("{9A19103F-16F7-4668-BE54-9A1E7A4F7556}") = "O365ToOsTicket", "O365ToOsTicket.csproj", "{36F1217C-3E4C-4754-83A4-3A2921FBDBBC}"
EndProject
Global
	GlobalSection(SolutionConfigurationPlatforms) = preSolution
		Debug|Any CPU = Debug|Any CPU
		Release|Any CPU = Release|Any CPU
	EndGlobalSection
	GlobalSection(ProjectConfigurationPlatforms) = postSolution
		{36F1217C-3E4C-4754-83A4-3A2921FBDBBC}.Debug|Any CPU.ActiveCfg = Debug|Any CPU
		{36F1217C-3E4C-4754-83A4-3A2921FBDBBC}.Debug|Any CPU.Build.0 = Debug|Any CPU
		{36F1217C-3E4C-4754-83A4-3A2921FBDBBC}.Release|Any CPU.ActiveCfg = Release|Any CPU
		{36F1217C-3E4C-4754-83A4-3A2921FBDBBC}.Release|Any CPU.Build.0 = Release|Any CPU
	EndGlobalSection
	GlobalSection(SolutionProperties) = preSolution
		HideSolutionNode = FALSE
	EndGlobalSection
	GlobalSection(ExtensibilityGlobals) = postSolution
		SolutionGuid = {4AA49F8E-0719-4FDD-9314-F1255234A999}
	EndGlobalSection
EndGlobal
